
Microsoft Visual Studio Solution File, Format Version 10.00
# Visual Studio 2008
Project("{8BC9CEB8-8B4A-11D0-8D11-00A0C91BC942}") = "DesktopIconAssistant", "DesktopIconAssistant\DesktopIconAssistant.vcproj", "{091F5CDD-277C-4A85-BC2B-3210E1D71479}"
EndProject
Global
	GlobalSection(SolutionConfigurationPlatforms) = preSolution
		Debug|Win32 = Debug|Win32
		Release|Win32 = Release|Win32
	EndGlobalSection
	GlobalSection(ProjectConfigurationPlatforms) = postSolution
		{091F5CDD-277C-4A85-BC2B-3210E1D71479}.Debug|Win32.ActiveCfg = Debug|Win32
		{091F5CDD-277C-4A85-BC2B-3210E1D71479}.Debug|Win32.Build.0 = Debug|Win32
		{091F5CDD-277C-4A85-BC2B-3210E1D71479}.Release|Win32.ActiveCfg = Release|Win32
		{091F5CDD-277C-4A85-BC2B-3210E1D71479}.Release|Win32.Build.0 = Release|Win32
	EndGlobalSection
	GlobalSection(SolutionProperties) = preSolution
		HideSolutionNode = FALSE
	EndGlobalSection
EndGlobal
